dependencies:
- name: passbolt-library
  repository: https://download.passbolt.com/charts/passbolt-library
  version: 0.3.7
- name: redis
  repository: https://charts.bitnami.com/bitnami
  version: 22.0.7
- name: mariadb
  repository: https://charts.bitnami.com/bitnami
  version: 22.0.0
- name: postgresql
  repository: https://charts.bitnami.com/bitnami
  version: 16.7.27
digest: sha256:7523b7c6ccfdb8b8dacc42b67796da2fe157cf0e766b7a6790290530de39c302
generated: "2026-03-16T01:03:40.026570547Z"
