dependencies:
- name: passbolt-library
  repository: https://download.passbolt.com/charts/passbolt-library
  version: 0.2.7
- name: redis
  repository: https://charts.bitnami.com/bitnami
  version: 22.0.6
- name: mariadb
  repository: https://charts.bitnami.com/bitnami
  version: 22.0.0
- name: postgresql
  repository: https://charts.bitnami.com/bitnami
  version: 16.7.2
digest: sha256:78413392a3d3c8442c82d8996e2f04b7732c805704e702b1d26ee9a01daa8218
generated: "2025-08-28T15:15:30.210790292+02:00"
